{
  "object": {
    "pins": [
      {
        "package": "RxSwift",
        "repositoryURL": "https://github.com/ReactiveX/RxSwift.git",
        "state": {
          "branch": null,
          "revision": "faeb158ce76d355f3f9242fdd0258a9face62f37",
          "version": "4.2.0"
        }
      }
    ]
  },
  "version": 1
}
